
Microsoft Visual Studio Solution File, Format Version 12.00
# Visual Studio Version 17
VisualStudioVersion = 17.5.33414.496
MinimumVisualStudioVersion = 10.0.40219.1
Project("{9A19103F-16F7-4668-BE54-9A1E7A4F7556}") = "RazorPlayground", "RazorPlayground\RazorPlayground.csproj", "{8C1B626D-3990-4827-8ED3-D49786B25CED}"
EndProject
Global
	GlobalSection(SolutionConfigurationPlatforms) = preSolution
		Debug|Any CPU = Debug|Any CPU
		Release|Any CPU = Release|Any CPU
	EndGlobalSection
	GlobalSection(ProjectConfigurationPlatforms) = postSolution
		{8C1B626D-3990-4827-8ED3-D49786B25CED}.Debug|Any CPU.ActiveCfg = Debug|Any CPU
		{8C1B626D-3990-4827-8ED3-D49786B25CED}.Debug|Any CPU.Build.0 = Debug|Any CPU
		{8C1B626D-3990-4827-8ED3-D49786B25CED}.Release|Any CPU.ActiveCfg = Release|Any CPU
		{8C1B626D-3990-4827-8ED3-D49786B25CED}.Release|Any CPU.Build.0 = Release|Any CPU
	EndGlobalSection
	GlobalSection(SolutionProperties) = preSolution
		HideSolutionNode = FALSE
	EndGlobalSection
	GlobalSection(ExtensibilityGlobals) = postSolution
		SolutionGuid = {B7B3E6BA-8B18-4119-99B9-40328A903B47}
	EndGlobalSection
EndGlobal
